
Microsoft Visual Studio Solution File, Format Version 12.00
# Visual Studio Version 17
VisualStudioVersion = 17.9.34728.123
MinimumVisualStudioVersion = 10.0.40219.1
Project("{FAE04EC0-301F-11D3-BF4B-00C04F79EFBC}") = "EscapeMoscati3", "EscapeMoscati3\EscapeMoscati3.csproj", "{901078A5-19F9-4F6C-A832-2BEBAD0E2C29}"
EndProject
Global
	GlobalSection(SolutionConfigurationPlatforms) = preSolution
		Debug|Any CPU = Debug|Any CPU
		Release|Any CPU = Release|Any CPU
	EndGlobalSection
	GlobalSection(ProjectConfigurationPlatforms) = postSolution
		{901078A5-19F9-4F6C-A832-2BEBAD0E2C29}.Debug|Any CPU.ActiveCfg = Debug|Any CPU
		{901078A5-19F9-4F6C-A832-2BEBAD0E2C29}.Debug|Any CPU.Build.0 = Debug|Any CPU
		{901078A5-19F9-4F6C-A832-2BEBAD0E2C29}.Release|Any CPU.ActiveCfg = Release|Any CPU
		{901078A5-19F9-4F6C-A832-2BEBAD0E2C29}.Release|Any CPU.Build.0 = Release|Any CPU
	EndGlobalSection
	GlobalSection(SolutionProperties) = preSolution
		HideSolutionNode = FALSE
	EndGlobalSection
	GlobalSection(ExtensibilityGlobals) = postSolution
		SolutionGuid = {BEE20B7C-5A29-41D6-B1B0-6FCED01AC5D2}
	EndGlobalSection
EndGlobal
